// !$*UTF8*$!
{
	archiveVersion = 1;
	classes = {
	};
	objectVersion = 55;
	objects = {

/* Begin PBXBuildFile section */
		44173A312752508A003AD311 /* AppDelegate.swift in Sources */ = {isa = PBXBuildFile; fileRef = 44173A302752508A003AD311 /* AppDelegate.swift */; };
		44173A3B2752508A003AD311 /* English_is_simple.xcdatamodeld in Sources */ = {isa = PBXBuildFile; fileRef = 44173A392752508A003AD311 /* English_is_simple.xcdatamodeld */; };
		44173A3D2752508E003AD311 /* Assets.xcassets in Resources */ = {isa = PBXBuildFile; fileRef = 44173A3C2752508E003AD311 /* Assets.xcassets */; };
		44173A402752508E003AD311 /* LaunchScreen.storyboard in Resources */ = {isa = PBXBuildFile; fileRef = 44173A3E2752508E003AD311 /* LaunchScreen.storyboard */; };
		44173A4A27525567003AD311 /* SavedWordsViewController.swift in Sources */ = {isa = PBXBuildFile; fileRef = 44173A4927525567003AD311 /* SavedWordsViewController.swift */; };
		44173A4C27525A1D003AD311 /* LoadWordsViewController.swift in Sources */ = {isa = PBXBuildFile; fileRef = 44173A4B27525A1D003AD311 /* LoadWordsViewController.swift */; };
		C6974402A78C9A5086D568AE /* Pods_English_is_simple.framework in Frameworks */ = {isa = PBXBuildFile; fileRef = E6ED116CDCBD363A23783F92 /* Pods_English_is_simple.framework */; };
/* End PBXBuildFile section */

/* Begin PBXFileReference section */
		44173A2D2752508A003AD311 /* English is simple.app */ = {isa = PBXFileReference; explicitFileType = wrapper.application; includeInIndex = 0; path = "English is simple.app"; sourceTree = BUILT_PRODUCTS_DIR; };
		44173A302752508A003AD311 /* AppDelegate.swift */ = {isa = PBXFileReference; lastKnownFileType = sourcecode.swift; path = AppDelegate.swift; sourceTree = "<group>"; };
		44173A3A2752508A003AD311 /* English_is_simple.xcdatamodel */ = {isa = PBXFileReference; lastKnownFileType = wrapper.xcdatamodel; path = English_is_simple.xcdatamodel; sourceTree = "<group>"; };
		44173A3C2752508E003AD311 /* Assets.xcassets */ = {isa = PBXFileReference; lastKnownFileType = folder.assetcatalog; path = Assets.xcassets; sourceTree = "<group>"; };
		44173A3F2752508E003AD311 /* Base */ = {isa = PBXFileReference; lastKnownFileType = file.storyboard; name = Base; path = Base.lproj/LaunchScreen.storyboard; sourceTree = "<group>"; };
		44173A412752508E003AD311 /* Info.plist */ = {isa = PBXFileReference; lastKnownFileType = text.plist.xml; name = Info.plist; path = Settings/Info.plist; sourceTree = "<group>"; };
		44173A4927525567003AD311 /* SavedWordsViewController.swift */ = {isa = PBXFileReference; lastKnownFileType = sourcecode.swift; path = SavedWordsViewController.swift; sourceTree = "<group>"; };
		44173A4B27525A1D003AD311 /* LoadWordsViewController.swift */ = {isa = PBXFileReference; lastKnownFileType = sourcecode.swift; path = LoadWordsViewController.swift; sourceTree = "<group>"; };
		8EA6F5E6200D9902D4AD32A1 /* Pods-English is simple.release.xcconfig */ = {isa = PBXFileReference; includeInIndex = 1; lastKnownFileType = text.xcconfig; name = "Pods-English is simple.release.xcconfig"; path = "Target Support Files/Pods-English is simple/Pods-English is simple.release.xcconfig"; sourceTree = "<group>"; };
		E00A5E78E9B2F783BD2386C7 /* Pods-English is simple.debug.xcconfig */ = {isa = PBXFileReference; includeInIndex = 1; lastKnownFileType = text.xcconfig; name = "Pods-English is simple.debug.xcconfig"; path = "Target Support Files/Pods-English is simple/Pods-English is simple.debug.xcconfig"; sourceTree = "<group>"; };
		E6ED116CDCBD363A23783F92 /* Pods_English_is_simple.framework */ = {isa = PBXFileReference; explicitFileType = wrapper.framework; includeInIndex = 0; path = Pods_English_is_simple.framework; sourceTree = BUILT_PRODUCTS_DIR; };
/* End PBXFileReference section */

/* Begin PBXFrameworksBuildPhase section */
		44173A2A2752508A003AD311 /* Frameworks */ = {
			isa = PBXFrameworksBuildPhase;
			buildActionMask = 2147483647;
			files = (
				C6974402A78C9A5086D568AE /* Pods_English_is_simple.framework in Frameworks */,
			);
			runOnlyForDeploymentPostprocessing = 0;
		};
/* End PBXFrameworksBuildPhase section */

/* Begin PBXGroup section */
		17F3DE702E4B2A7553429B8E /* Frameworks */ = {
			isa = PBXGroup;
			children = (
				E6ED116CDCBD363A23783F92 /* Pods_English_is_simple.framework */,
			);
			name = Frameworks;
			sourceTree = "<group>";
		};
		44173A242752508A003AD311 = {
			isa = PBXGroup;
			children = (
				44173A2F2752508A003AD311 /* English is simple */,
				44173A2E2752508A003AD311 /* Products */,
				F1505CA51A6D1E35AC62E7B8 /* Pods */,
				17F3DE702E4B2A7553429B8E /* Frameworks */,
			);
			sourceTree = "<group>";
		};
		44173A2E2752508A003AD311 /* Products */ = {
			isa = PBXGroup;
			children = (
				44173A2D2752508A003AD311 /* English is simple.app */,
			);
			name = Products;
			sourceTree = "<group>";
		};
		44173A2F2752508A003AD311 /* English is simple */ = {
			isa = PBXGroup;
			children = (
				44173A48275254E4003AD311 /* Controllers */,
				44173A412752508E003AD311 /* Info.plist */,
				44173A302752508A003AD311 /* AppDelegate.swift */,
				44173A3C2752508E003AD311 /* Assets.xcassets */,
				44173A3E2752508E003AD311 /* LaunchScreen.storyboard */,
				44173A392752508A003AD311 /* English_is_simple.xcdatamodeld */,
			);
			path = "English is simple";
			sourceTree = "<group>";
		};
		44173A48275254E4003AD311 /* Controllers */ = {
			isa = PBXGroup;
			children = (
				44173A4927525567003AD311 /* SavedWordsViewController.swift */,
				44173A4B27525A1D003AD311 /* LoadWordsViewController.swift */,
			);
			path = Controllers;
			sourceTree = "<group>";
		};
		F1505CA51A6D1E35AC62E7B8 /* Pods */ = {
			isa = PBXGroup;
			children = (
				E00A5E78E9B2F783BD2386C7 /* Pods-English is simple.debug.xcconfig */,
				8EA6F5E6200D9902D4AD32A1 /* Pods-English is simple.release.xcconfig */,
			);
			name = Pods;
			path = Pods;
			sourceTree = "<group>";
		};
/* End PBXGroup section */

/* Begin PBXNativeTarget section */
		44173A2C2752508A003AD311 /* English is simple */ = {
			isa = PBXNativeTarget;
			buildConfigurationList = 44173A442752508E003AD311 /* Build configuration list for PBXNativeTarget "English is simple" */;
			buildPhases = (
				E2A57502C46F9BA10EAADD92 /* [CP] Check Pods Manifest.lock */,
				44173A292752508A003AD311 /* Sources */,
				44173A2A2752508A003AD311 /* Frameworks */,
				44173A2B2752508A003AD311 /* Resources */,
				87F5CAD9DB9AD8A6FAA13113 /* [CP] Embed Pods Frameworks */,
			);
			buildRules = (
			);
			dependencies = (
			);
			name = "English is simple";
			productName = "English is simple";
			productReference = 44173A2D2752508A003AD311 /* English is simple.app */;
			productType = "com.apple.product-type.application";
		};
/* End PBXNativeTarget section */

/* Begin PBXProject section */
		44173A252752508A003AD311 /* Project object */ = {
			isa = PBXProject;
			attributes = {
				BuildIndependentTargetsInParallel = 1;
				LastSwiftUpdateCheck = 1310;
				LastUpgradeCheck = 1310;
				TargetAttributes = {
					44173A2C2752508A003AD311 = {
						CreatedOnToolsVersion = 13.1;
					};
				};
			};
			buildConfigurationList = 44173A282752508A003AD311 /* Build configuration list for PBXProject "English is simple" */;
			compatibilityVersion = "Xcode 13.0";
			developmentRegion = en;
			hasScannedForEncodings = 0;
			knownRegions = (
				en,
				Base,
			);
			mainGroup = 44173A242752508A003AD311;
			productRefGroup = 44173A2E2752508A003AD311 /* Products */;
			projectDirPath = "";
			projectRoot = "";
			targets = (
				44173A2C2752508A003AD311 /* English is simple */,
			);
		};
/* End PBXProject section */

/* Begin PBXResourcesBuildPhase section */
		44173A2B2752508A003AD311 /* Resources */ = {
			isa = PBXResourcesBuildPhase;
			buildActionMask = 2147483647;
			files = (
				44173A402752508E003AD311 /* LaunchScreen.storyboard in Resources */,
				44173A3D2752508E003AD311 /* Assets.xcassets in Resources */,
			);
			runOnlyForDeploymentPostprocessing = 0;
		};
/* End PBXResourcesBuildPhase section */

/* Begin PBXShellScriptBuildPhase section */
		87F5CAD9DB9AD8A6FAA13113 /* [CP] Embed Pods Frameworks */ = {
			isa = PBXShellScriptBuildPhase;
			buildActionMask = 2147483647;
			files = (
			);
			inputFileListPaths = (
				"${PODS_ROOT}/Target Support Files/Pods-English is simple/Pods-English is simple-frameworks-${CONFIGURATION}-input-files.xcfilelist",
			);
			name = "[CP] Embed Pods Frameworks";
			outputFileListPaths = (
				"${PODS_ROOT}/Target Support Files/Pods-English is simple/Pods-English is simple-frameworks-${CONFIGURATION}-output-files.xcfilelist",
			);
			runOnlyForDeploymentPostprocessing = 0;
			shellPath = /bin/sh;
			shellScript = "\"${PODS_ROOT}/Target Support Files/Pods-English is simple/Pods-English is simple-frameworks.sh\"\n";
			showEnvVarsInLog = 0;
		};
		E2A57502C46F9BA10EAADD92 /* [CP] Check Pods Manifest.lock */ = {
			isa = PBXShellScriptBuildPhase;
			buildActionMask = 2147483647;
			files = (
			);
			inputFileListPaths = (
			);
			inputPaths = (
				"${PODS_PODFILE_DIR_PATH}/Podfile.lock",
				"${PODS_ROOT}/Manifest.lock",
			);
			name = "[CP] Check Pods Manifest.lock";
			outputFileListPaths = (
			);
			outputPaths = (
				"$(DERIVED_FILE_DIR)/Pods-English is simple-checkManifestLockResult.txt",
			);
			runOnlyForDeploymentPostprocessing = 0;
			shellPath = /bin/sh;
			shellScript = "diff \"${PODS_PODFILE_DIR_PATH}/Podfile.lock\" \"${PODS_ROOT}/Manifest.lock\" > /dev/null\nif [ $? != 0 ] ; then\n    # print error to STDERR\n    echo \"error: The sandbox is not in sync with the Podfile.lock. Run 'pod install' or update your CocoaPods installation.\" >&2\n    exit 1\nfi\n# This output is used by Xcode 'outputs' to avoid re-running this script phase.\necho \"SUCCESS\" > \"${SCRIPT_OUTPUT_FILE_0}\"\n";
			showEnvVarsInLog = 0;
		};
/* End PBXShellScriptBuildPhase section */

/* Begin PBXSourcesBuildPhase section */
		44173A292752508A003AD311 /* Sources */ = {
			isa = PBXSourcesBuildPhase;
			buildActionMask = 2147483647;
			files = (
				44173A3B2752508A003AD311 /* English_is_simple.xcdatamodeld in Sources */,
				44173A312752508A003AD311 /* AppDelegate.swift in Sources */,
				44173A4C27525A1D003AD311 /* LoadWordsViewController.swift in Sources */,
				44173A4A27525567003AD311 /* SavedWordsViewController.swift in Sources */,
			);
			runOnlyForDeploymentPostprocessing = 0;
		};
/* End PBXSourcesBuildPhase section */

/* Begin PBXVariantGroup section */
		44173A3E2752508E003AD311 /* LaunchScreen.storyboard */ = {
			isa = PBXVariantGroup;
			children = (
				44173A3F2752508E003AD311 /* Base */,
			);
			name = LaunchScreen.storyboard;
			sourceTree = "<group>";
		};
/* End PBXVariantGroup section */

/* Begin XCBuildConfiguration section */
		44173A422752508E003AD311 /* Debug */ = {
			isa = XCBuildConfiguration;
			buildSettings = {
				ALWAYS_SEARCH_USER_PATHS = NO;
				CLANG_ANALYZER_NONNULL = YES;
				CLANG_ANALYZER_NUMBER_OBJECT_CONVERSION = YES_AGGRESSIVE;
				CLANG_CXX_LANGUAGE_STANDARD = "gnu++17";
				CLANG_CXX_LIBRARY = "libc++";
				CLANG_ENABLE_MODULES = YES;
				CLANG_ENABLE_OBJC_ARC = YES;
				CLANG_ENABLE_OBJC_WEAK = YES;
				CLANG_WARN_BLOCK_CAPTURE_AUTORELEASING = YES;
				CLANG_WARN_BOOL_CONVERSION = YES;
				CLANG_WARN_COMMA = YES;
				CLANG_WARN_CONSTANT_CONVERSION = YES;
				CLANG_WARN_DEPRECATED_OBJC_IMPLEMENTATIONS = YES;
				CLANG_WARN_DIRECT_OBJC_ISA_USAGE = YES_ERROR;
				CLANG_WARN_DOCUMENTATION_COMMENTS = YES;
				CLANG_WARN_EMPTY_BODY = YES;
				CLANG_WARN_ENUM_CONVERSION = YES;
				CLANG_WARN_INFINITE_RECURSION = YES;
				CLANG_WARN_INT_CONVERSION = YES;
				CLANG_WARN_NON_LITERAL_NULL_CONVERSION = YES;
				CLANG_WARN_OBJC_IMPLICIT_RETAIN_SELF = YES;
				CLANG_WARN_OBJC_LITERAL_CONVERSION = YES;
				CLANG_WARN_OBJC_ROOT_CLASS = YES_ERROR;
				CLANG_WARN_QUOTED_INCLUDE_IN_FRAMEWORK_HEADER = YES;
				CLANG_WARN_RANGE_LOOP_ANALYSIS = YES;
				CLANG_WARN_STRICT_PROTOTYPES = YES;
				CLANG_WARN_SUSPICIOUS_MOVE = YES;
				CLANG_WARN_UNGUARDED_AVAILABILITY = YES_AGGRESSIVE;
				CLANG_WARN_UNREACHABLE_CODE = YES;
				CLANG_WARN__DUPLICATE_METHOD_MATCH = YES;
				COPY_PHASE_STRIP = NO;
				DEBUG_INFORMATION_FORMAT = dwarf;
				ENABLE_STRICT_OBJC_MSGSEND = YES;
				ENABLE_TESTABILITY = YES;
				GCC_C_LANGUAGE_STANDARD = gnu11;
				GCC_DYNAMIC_NO_PIC = NO;
				GCC_NO_COMMON_BLOCKS = YES;
				GCC_OPTIMIZATION_LEVEL = 0;
				GCC_PREPROCESSOR_DEFINITIONS = (
					"DEBUG=1",
					"$(inherited)",
				);
				GCC_WARN_64_TO_32_BIT_CONVERSION = YES;
				GCC_WARN_ABOUT_RETURN_TYPE = YES_ERROR;
				GCC_WARN_UNDECLARED_SELECTOR = YES;
				GCC_WARN_UNINITIALIZED_AUTOS = YES_AGGRESSIVE;
				GCC_WARN_UNUSED_FUNCTION = YES;
				GCC_WARN_UNUSED_VARIABLE = YES;
				IPHONEOS_DEPLOYMENT_TARGET = 13.0;
				MTL_ENABLE_DEBUG_INFO = INCLUDE_SOURCE;
				MTL_FAST_MATH = YES;
				ONLY_ACTIVE_ARCH = YES;
				SDKROOT = iphoneos;
				SWIFT_ACTIVE_COMPILATION_CONDITIONS = DEBUG;
				SWIFT_OPTIMIZATION_LEVEL = "-Onone";
			};
			name = Debug;
		};
		44173A432752508E003AD311 /* Release */ = {
			isa = XCBuildConfiguration;
			buildSettings = {
				ALWAYS_SEARCH_USER_PATHS = NO;
				CLANG_ANALYZER_NONNULL = YES;
				CLANG_ANALYZER_NUMBER_OBJECT_CONVERSION = YES_AGGRESSIVE;
				CLANG_CXX_LANGUAGE_STANDARD = "gnu++17";
				CLANG_CXX_LIBRARY = "libc++";
				CLANG_ENABLE_MODULES = YES;
				CLANG_ENABLE_OBJC_ARC = YES;
				CLANG_ENABLE_OBJC_WEAK = YES;
				CLANG_WARN_BLOCK_CAPTURE_AUTORELEASING = YES;
				CLANG_WARN_BOOL_CONVERSION = YES;
				CLANG_WARN_COMMA = YES;
				CLANG_WARN_CONSTANT_CONVERSION = YES;
				CLANG_WARN_DEPRECATED_OBJC_IMPLEMENTATIONS = YES;
				CLANG_WARN_DIRECT_OBJC_ISA_USAGE = YES_ERROR;
				CLANG_WARN_DOCUMENTATION_COMMENTS = YES;
				CLANG_WARN_EMPTY_BODY = YES;
				CLANG_WARN_ENUM_CONVERSION = YES;
				CLANG_WARN_INFINITE_RECURSION = YES;
				CLANG_WARN_INT_CONVERSION = YES;
				CLANG_WARN_NON_LITERAL_NULL_CONVERSION = YES;
				CLANG_WARN_OBJC_IMPLICIT_RETAIN_SELF = YES;
				CLANG_WARN_OBJC_LITERAL_CONVERSION = YES;
				CLANG_WARN_OBJC_ROOT_CLASS = YES_ERROR;
				CLANG_WARN_QUOTED_INCLUDE_IN_FRAMEWORK_HEADER = YES;
				CLANG_WARN_RANGE_LOOP_ANALYSIS = YES;
				CLANG_WARN_STRICT_PROTOTYPES = YES;
				CLANG_WARN_SUSPICIOUS_MOVE = YES;
				CLANG_WARN_UNGUARDED_AVAILABILITY = YES_AGGRESSIVE;
				CLANG_WARN_UNREACHABLE_CODE = YES;
				CLANG_WARN__DUPLICATE_METHOD_MATCH = YES;
				COPY_PHASE_STRIP = NO;
				DEBUG_INFORMATION_FORMAT = "dwarf-with-dsym";
				ENABLE_NS_ASSERTIONS = NO;
				ENABLE_STRICT_OBJC_MSGSEND = YES;
				GCC_C_LANGUAGE_STANDARD = gnu11;
				GCC_NO_COMMON_BLOCKS = YES;
				GCC_WARN_64_TO_32_BIT_CONVERSION = YES;
				GCC_WARN_ABOUT_RETURN_TYPE = YES_ERROR;
				GCC_WARN_UNDECLARED_SELECTOR = YES;
				GCC_WARN_UNINITIALIZED_AUTOS = YES_AGGRESSIVE;
				GCC_WARN_UNUSED_FUNCTION = YES;
				GCC_WARN_UNUSED_VARIABLE = YES;
				IPHONEOS_DEPLOYMENT_TARGET = 13.0;
				MTL_ENABLE_DEBUG_INFO = NO;
				MTL_FAST_MATH = YES;
				SDKROOT = iphoneos;
				SWIFT_COMPILATION_MODE = wholemodule;
				SWIFT_OPTIMIZATION_LEVEL = "-O";
				VALIDATE_PRODUCT = YES;
			};
			name = Release;
		};
		44173A452752508E003AD311 /* Debug */ = {
			isa = XCBuildConfiguration;
			baseConfigurationReference = E00A5E78E9B2F783BD2386C7 /* Pods-English is simple.debug.xcconfig */;
			buildSettings = {
				ASSETCATALOG_COMPILER_APPICON_NAME = AppIcon;
				ASSETCATALOG_COMPILER_GLOBAL_ACCENT_COLOR_NAME = AccentColor;
				CODE_SIGN_STYLE = Automatic;
				CURRENT_PROJECT_VERSION = 1;
				DEVELOPMENT_TEAM = BU5S75BK7N;
				GENERATE_INFOPLIST_FILE = YES;
				INFOPLIST_FILE = "English is simple/Info.plist";
				INFOPLIST_KEY_UIApplicationSupportsIndirectInputEvents = YES;
				INFOPLIST_KEY_UILaunchStoryboardName = LaunchScreen;
				INFOPLIST_KEY_UISupportedInterfaceOrientations_iPad = "UIInterfaceOrientationPortrait UIInterfaceOrientationPortraitUpsideDown UIInterfaceOrientationLandscapeLeft UIInterfaceOrientationLandscapeRight";
				INFOPLIST_KEY_UISupportedInterfaceOrientations_iPhone = "UIInterfaceOrientationPortrait UIInterfaceOrientationLandscapeLeft UIInterfaceOrientationLandscapeRight";
				LD_RUNPATH_SEARCH_PATHS = (
					"$(inherited)",
					"@executable_path/Frameworks",
				);
				MARKETING_VERSION = 1.0;
				PRODUCT_BUNDLE_IDENTIFIER = "ITIS.English-is-simple";
				PRODUCT_NAME = "$(TARGET_NAME)";
				SWIFT_EMIT_LOC_STRINGS = YES;
				SWIFT_VERSION = 5.0;
				TARGETED_DEVICE_FAMILY = 1;
			};
			name = Debug;
		};
		44173A462752508E003AD311 /* Release */ = {
			isa = XCBuildConfiguration;
			baseConfigurationReference = 8EA6F5E6200D9902D4AD32A1 /* Pods-English is simple.release.xcconfig */;
			buildSettings = {
				ASSETCATALOG_COMPILER_APPICON_NAME = AppIcon;
				ASSETCATALOG_COMPILER_GLOBAL_ACCENT_COLOR_NAME = AccentColor;
				CODE_SIGN_STYLE = Automatic;
				CURRENT_PROJECT_VERSION = 1;
				DEVELOPMENT_TEAM = BU5S75BK7N;
				GENERATE_INFOPLIST_FILE = YES;
				INFOPLIST_FILE = "English is simple/Info.plist";
				INFOPLIST_KEY_UIApplicationSupportsIndirectInputEvents = YES;
				INFOPLIST_KEY_UILaunchStoryboardName = LaunchScreen;
				INFOPLIST_KEY_UISupportedInterfaceOrientations_iPad = "UIInterfaceOrientationPortrait UIInterfaceOrientationPortraitUpsideDown UIInterfaceOrientationLandscapeLeft UIInterfaceOrientationLandscapeRight";
				INFOPLIST_KEY_UISupportedInterfaceOrientations_iPhone = "UIInterfaceOrientationPortrait UIInterfaceOrientationLandscapeLeft UIInterfaceOrientationLandscapeRight";
				LD_RUNPATH_SEARCH_PATHS = (
					"$(inherited)",
					"@executable_path/Frameworks",
				);
				MARKETING_VERSION = 1.0;
				PRODUCT_BUNDLE_IDENTIFIER = "ITIS.English-is-simple";
				PRODUCT_NAME = "$(TARGET_NAME)";
				SWIFT_EMIT_LOC_STRINGS = YES;
				SWIFT_VERSION = 5.0;
				TARGETED_DEVICE_FAMILY = 1;
			};
			name = Release;
		};
/* End XCBuildConfiguration section */

/* Begin XCConfigurationList section */
		44173A282752508A003AD311 /* Build configuration list for PBXProject "English is simple" */ = {
			isa = XCConfigurationList;
			buildConfigurations = (
				44173A422752508E003AD311 /* Debug */,
				44173A432752508E003AD311 /* Release */,
			);
			defaultConfigurationIsVisible = 0;
			defaultConfigurationName = Release;
		};
		44173A442752508E003AD311 /* Build configuration list for PBXNativeTarget "English is simple" */ = {
			isa = XCConfigurationList;
			buildConfigurations = (
				44173A452752508E003AD311 /* Debug */,
				44173A462752508E003AD311 /* Release */,
			);
			defaultConfigurationIsVisible = 0;
			defaultConfigurationName = Release;
		};
/* End XCConfigurationList section */

/* Begin XCVersionGroup section */
		44173A392752508A003AD311 /* English_is_simple.xcdatamodeld */ = {
			isa = XCVersionGroup;
			children = (
				44173A3A2752508A003AD311 /* English_is_simple.xcdatamodel */,
			);
			currentVersion = 44173A3A2752508A003AD311 /* English_is_simple.xcdatamodel */;
			path = English_is_simple.xcdatamodeld;
			sourceTree = "<group>";
			versionGroupType = wrapper.xcdatamodel;
		};
/* End XCVersionGroup section */
	};
	rootObject = 44173A252752508A003AD311 /* Project object */;
}
